# THIS IS AN AUTOGENERATED FILE. DO NOT EDIT THIS FILE DIRECTLY.
# yarn lockfile v1


monaco-editor@0.52.2:
  version "0.52.2"
  resolved "https://registry.yarnpkg.com/monaco-editor/-/monaco-editor-0.52.2.tgz#53c75a6fcc6802684e99fd1b2700299857002205"
  integrity sha512-GEQWEZmfkOGLdd3XK8ryrfWz3AIP8YymVXiPHEdewrUq7mh0qrKrfHLNCXcbB6sTnMLnOZ3ztSiKcciFUkIJwQ==

tailwindcss@4.1.11:
  version "4.1.11"
  resolved "https://registry.yarnpkg.com/tailwindcss/-/tailwindcss-4.1.11.tgz#799af3e98c19c5baaefafc6e0c16304a0e684854"
  integrity sha512-2E9TBm6MDD/xKYe+dvJZAmg3yxIEDNRc0jwlNyDg/4Fil2QcSLjFKGVff0lAf1jjeaArlG/M75Ey/EYr/OJtBA==
